# This file is automatically @generated by Cargo.
# It is not intended for manual editing.
version = 3

[[package]]
name = "aho-corasick"
version = "0.7.18"
source = "registry+https://github.com/rust-lang/crates.io-index"
checksum = "1e37cfd5e7657ada45f742d6e99ca5788580b5c529dc78faf11ece6dc702656f"
dependencies = [
 "memchr 2.5.0",
]

[[package]]
name = "anyhow"
version = "1.0.58"
source = "registry+https://github.com/rust-lang/crates.io-index"
checksum = "bb07d2053ccdbe10e2af2995a2f116c1330396493dc1269f6a91d0ae82e19704"

[[package]]
name = "array-init"
version = "2.0.1"
source = "registry+https://github.com/rust-lang/crates.io-index"
checksum = "bfb6d71005dc22a708c7496eee5c8dc0300ee47355de6256c3b35b12b5fef596"

[[package]]
name = "arrayvec"
version = "0.7.2"
source = "registry+https://github.com/rust-lang/crates.io-index"
checksum = "8da52d66c7071e2e3fa2a1e5c6d088fec47b593032b254f5e980de8ea54454d6"

[[package]]
name = "autocfg"
version = "1.1.0"
source = "registry+https://github.com/rust-lang/crates.io-index"
checksum = "d468802bab17cbc0cc575e9b053f41e72aa36bfa6b7f55e3529ffa43161b97fa"

[[package]]
name = "binread"
version = "2.2.0"
source = "registry+https://github.com/rust-lang/crates.io-index"
checksum = "16598dfc8e6578e9b597d9910ba2e73618385dc9f4b1d43dd92c349d6be6418f"
dependencies = [
 "array-init",
 "binread_derive",
 "rustversion",
]

[[package]]
name = "binread_derive"
version = "2.1.0"
source = "registry+https://github.com/rust-lang/crates.io-index"
checksum = "1d9672209df1714ee804b1f4d4f68c8eb2a90b1f7a07acf472f88ce198ef1fed"
dependencies = [
 "either",
 "proc-macro2",
 "quote",
 "syn",
]

[[package]]
name = "bitflags"
version = "1.3.2"
source = "registry+https://github.com/rust-lang/crates.io-index"
checksum = "bef38d45163c2f1dde094a7dfd33ccf595c92905c8f8f4fdc18d06fb1037718a"

[[package]]
name = "block-buffer"
version = "0.9.0"
source = "registry+https://github.com/rust-lang/crates.io-index"
checksum = "4152116fd6e9dadb291ae18fc1ec3575ed6d84c29642d97890f4b4a3417297e4"
dependencies = [
 "generic-array",
]

[[package]]
name = "bumpalo"
version = "3.10.0"
source = "registry+https://github.com/rust-lang/crates.io-index"
checksum = "37ccbd214614c6783386c1af30caf03192f17891059cecc394b4fb119e363de3"

[[package]]
name = "byteorder"
version = "1.4.3"
source = "registry+https://github.com/rust-lang/crates.io-index"
checksum = "14c189c53d098945499cdfa7ecc63567cf3886b3332b312a5b4585d8d3a6a610"

[[package]]
name = "cfg-if"
version = "0.1.10"
source = "registry+https://github.com/rust-lang/crates.io-index"
checksum = "4785bdd1c96b2a846b2bd7cc02e86b6b3dbf14e7e53446c4f54c92a361040822"

[[package]]
name = "cfg-if"
version = "1.0.0"
source = "registry+https://github.com/rust-lang/crates.io-index"
checksum = "baf1de4339761588bc0619e3cbc0120ee582ebb74b53b4efbf79117bd2da40fd"

[[package]]
name = "chrono"
version = "0.4.19"
source = "registry+https://github.com/rust-lang/crates.io-index"
checksum = "670ad68c9088c2a963aaa298cb369688cf3f9465ce5e2d4ca10e6e0098a1ce73"
dependencies = [
 "libc",
 "num-integer",
 "num-traits",
 "time 0.1.44",
 "winapi",
]

[[package]]
name = "cloudabi"
version = "0.0.3"
source = "registry+https://github.com/rust-lang/crates.io-index"
checksum = "ddfc5b9aa5d4507acaf872de71051dfd0e309860e88966e1051e462a077aac4f"
dependencies = [
 "bitflags",
]

[[package]]
name = "convert_case"
version = "0.4.0"
source = "registry+https://github.com/rust-lang/crates.io-index"
checksum = "6245d59a3e82a7fc217c5828a6692dbc6dfb63a0c8c90495621f7b9d79704a0e"

[[package]]
name = "cpufeatures"
version = "0.2.2"
source = "registry+https://github.com/rust-lang/crates.io-index"
checksum = "59a6001667ab124aebae2a495118e11d30984c3a653e99d86d58971708cf5e4b"
dependencies = [
 "libc",
]

[[package]]
name = "derive_more"
version = "0.99.17"
source = "registry+https://github.com/rust-lang/crates.io-index"
checksum = "4fb810d30a7c1953f91334de7244731fc3f3c10d7fe163338a35b9f640960321"
dependencies = [
 "convert_case",
 "proc-macro2",
 "quote",
 "rustc_version",
 "syn",
]

[[package]]
name = "digest"
version = "0.9.0"
source = "registry+https://github.com/rust-lang/crates.io-index"
checksum = "d3dd60d1080a57a05ab032377049e0591415d2b31afd7028356dbf3cc6dcb066"
dependencies = [
 "generic-array",
]

[[package]]
name = "displaydoc"
version = "0.2.3"
source = "registry+https://github.com/rust-lang/crates.io-index"
checksum = "3bf95dc3f046b9da4f2d51833c0d3547d8564ef6910f5c1ed130306a75b92886"
dependencies = [
 "proc-macro2",
 "quote",
 "syn",
]

[[package]]
name = "dunce"
version = "1.0.2"
source = "registry+https://github.com/rust-lang/crates.io-index"
checksum = "453440c271cf5577fd2a40e4942540cb7d0d2f85e27c8d07dd0023c925a67541"

[[package]]
name = "either"
version = "1.7.0"
source = "registry+https://github.com/rust-lang/crates.io-index"
checksum = "3f107b87b6afc2a64fd13cac55fe06d6c8859f12d4b14cbcdd2c67d0976781be"

[[package]]
name = "entropy"
version = "0.4.1"
source = "registry+https://github.com/rust-lang/crates.io-index"
checksum = "e885f8dca86fbf1999f9b4643d6e94e984c5c8b36073404dd227be3e5255f1d5"

[[package]]
name = "enumn"
version = "0.1.4"
source = "registry+https://github.com/rust-lang/crates.io-index"
checksum = "052bc8773a98bd051ff37db74a8a25f00e6bfa2cbd03373390c72e9f7afbf344"
dependencies = [
 "proc-macro2",
 "quote",
 "syn",
]

[[package]]
name = "epochs"
version = "0.2.4"
source = "registry+https://github.com/rust-lang/crates.io-index"
checksum = "d090e37951865b603120b504b12104a0b0f5595dbce8084d0c3d33f7220e0764"
dependencies = [
 "chrono",
]

[[package]]
name = "fixedbitset"
version = "0.2.0"
source = "registry+https://github.com/rust-lang/crates.io-index"
checksum = "37ab347416e802de484e4d03c7316c48f1ecb56574dfd4a46a80f173ce1de04d"

[[package]]
name = "fmd"
version = "0.3.0"
dependencies = [
 "anyhow",
 "chrono",
 "dunce",
 "entropy",
 "epochs",
 "fuzzyhash",
 "goblin",
 "is_elevated",
 "lazy_static",
 "md5",
 "ntfs",
 "path_abs",
 "rust-crypto",
 "serde",
 "serde_json",
 "sha256",
 "tree_magic",
 "whoami",
]

[[package]]
name = "fnv"
version = "1.0.7"
source = "registry+https://github.com/rust-lang/crates.io-index"
checksum = "3f9eec918d3f24069decb9af1554cad7c880e2da24a9afd88aca000531ab82c1"

[[package]]
name = "fuchsia-cprng"
version = "0.1.1"
source = "registry+https://github.com/rust-lang/crates.io-index"
checksum = "a06f77d526c1a601b7c4cdd98f54b5eaabffc14d5f2f0296febdc7f357c6d3ba"

[[package]]
name = "fuzzyhash"
version = "0.2.1"
source = "registry+https://github.com/rust-lang/crates.io-index"
checksum = "8fb6c4351f4f134772edf9bcd17de13b7fbcb2c56928b440d6823bd4dc9ebd80"

[[package]]
name = "gcc"
version = "0.3.55"
source = "registry+https://github.com/rust-lang/crates.io-index"
checksum = "8f5f3913fa0bfe7ee1fd8248b6b9f42a5af4b9d65ec2dd2c3c26132b950ecfc2"

[[package]]
name = "generic-array"
version = "0.14.5"
source = "registry+https://github.com/rust-lang/crates.io-index"
checksum = "fd48d33ec7f05fbfa152300fdad764757cbded343c1aa1cff2fbaf4134851803"
dependencies = [
 "typenum",
 "version_check",
]

[[package]]
name = "goblin"
version = "0.5.2"
source = "registry+https://github.com/rust-lang/crates.io-index"
checksum = "cfeb764aa29a0774d290c2df134a37ab2e3c1ba59009162626658aabefda321a"
dependencies = [
 "log",
 "plain",
 "scroll",
]

[[package]]
name = "hashbrown"
version = "0.12.1"
source = "registry+https://github.com/rust-lang/crates.io-index"
checksum = "db0d4cf898abf0081f964436dc980e96670a0f36863e4b83aaacdb65c9d7ccc3"

[[package]]
name = "heck"
version = "0.4.0"
source = "registry+https://github.com/rust-lang/crates.io-index"
checksum = "2540771e65fc8cb83cd6e8a237f70c319bd5c29f78ed1084ba5d50eeac86f7f9"

[[package]]
name = "hex"
version = "0.4.3"
source = "registry+https://github.com/rust-lang/crates.io-index"
checksum = "7f24254aa9a54b5c858eaee2f5bccdb46aaf0e486a595ed5fd8f86ba55232a70"

[[package]]
name = "indexmap"
version = "1.9.1"
source = "registry+https://github.com/rust-lang/crates.io-index"
checksum = "10a35a97730320ffe8e2d410b5d3b69279b98d2c14bdb8b70ea89ecf7888d41e"
dependencies = [
 "autocfg",
 "hashbrown",
]

[[package]]
name = "is_elevated"
version = "0.1.2"
source = "registry+https://github.com/rust-lang/crates.io-index"
checksum = "5299060ff5db63e788015dcb9525ad9b84f4fd9717ed2cbdeba5018cbf42f9b5"
dependencies = [
 "winapi",
]

[[package]]
name = "itoa"
version = "1.0.2"
source = "registry+https://github.com/rust-lang/crates.io-index"
checksum = "112c678d4050afce233f4f2852bb2eb519230b3cf12f33585275537d7e41578d"

[[package]]
name = "js-sys"
version = "0.3.58"
source = "registry+https://github.com/rust-lang/crates.io-index"
checksum = "c3fac17f7123a73ca62df411b1bf727ccc805daa070338fda671c86dac1bdc27"
dependencies = [
 "wasm-bindgen",
]

[[package]]
name = "lazy_static"
version = "1.4.0"
source = "registry+https://github.com/rust-lang/crates.io-index"
checksum = "e2abad23fbc42b3700f2f279844dc832adb2b2eb069b2df918f455c4e18cc646"

[[package]]
name = "libc"
version = "0.2.126"
source = "registry+https://github.com/rust-lang/crates.io-index"
checksum = "349d5a591cd28b49e1d1037471617a32ddcda5731b99419008085f72d5a53836"

[[package]]
name = "lock_api"
version = "0.3.4"
source = "registry+https://github.com/rust-lang/crates.io-index"
checksum = "c4da24a77a3d8a6d4862d95f72e6fdb9c09a643ecdb402d754004a557f2bec75"
dependencies = [
 "scopeguard",
]

[[package]]
name = "log"
version = "0.4.17"
source = "registry+https://github.com/rust-lang/crates.io-index"
checksum = "abb12e687cfb44aa40f41fc3978ef76448f9b6038cad6aef4259d3c095a2382e"
dependencies = [
 "cfg-if 1.0.0",
]

[[package]]
name = "md5"
version = "0.7.0"
source = "registry+https://github.com/rust-lang/crates.io-index"
checksum = "490cc448043f947bae3cbee9c203358d62dbee0db12107a74be5c30ccfd09771"

[[package]]
name = "memchr"
version = "1.0.2"
source = "registry+https://github.com/rust-lang/crates.io-index"
checksum = "148fab2e51b4f1cfc66da2a7c32981d1d3c083a803978268bb11fe4b86925e7a"
dependencies = [
 "libc",
]

[[package]]
name = "memchr"
version = "2.5.0"
source = "registry+https://github.com/rust-lang/crates.io-index"
checksum = "2dffe52ecf27772e601905b7522cb4ef790d2cc203488bbd0e2fe85fcb74566d"

[[package]]
name = "memoffset"
version = "0.6.5"
source = "registry+https://github.com/rust-lang/crates.io-index"
checksum = "5aa361d4faea93603064a027415f07bd8e1d5c88c9fbf68bf56a285428fd79ce"
dependencies = [
 "autocfg",
]

[[package]]
name = "nom"
version = "3.2.1"
source = "registry+https://github.com/rust-lang/crates.io-index"
checksum = "05aec50c70fd288702bcd93284a8444607f3292dbdf2a30de5ea5dcdbe72287b"
dependencies = [
 "memchr 1.0.2",
]

[[package]]
name = "ntfs"
version = "0.2.0"
source = "registry+https://github.com/rust-lang/crates.io-index"
checksum = "ec07f6f5f66d12c3392ecc36b7a97d3e58eea4ac7774cef62166679f5a7ae8d3"
dependencies = [
 "arrayvec",
 "binread",
 "bitflags",
 "byteorder",
 "derive_more",
 "displaydoc",
 "enumn",
 "memoffset",
 "strum_macros",
 "time 0.3.11",
]

[[package]]
name = "num-integer"
version = "0.1.45"
source = "registry+https://github.com/rust-lang/crates.io-index"
checksum = "225d3389fb3509a24c93f5c29eb6bde2586b98d9f016636dff58d7c6f7569cd9"
dependencies = [
 "autocfg",
 "num-traits",
]

[[package]]
name = "num-traits"
version = "0.2.15"
source = "registry+https://github.com/rust-lang/crates.io-index"
checksum = "578ede34cf02f8924ab9447f50c28075b4d3e5b269972345e7e0372b38c6cdcd"
dependencies = [
 "autocfg",
]

[[package]]
name = "num_threads"
version = "0.1.6"
source = "registry+https://github.com/rust-lang/crates.io-index"
checksum = "2819ce041d2ee131036f4fc9d6ae7ae125a3a40e97ba64d04fe799ad9dabbb44"
dependencies = [
 "libc",
]

[[package]]
name = "opaque-debug"
version = "0.3.0"
source = "registry+https://github.com/rust-lang/crates.io-index"
checksum = "624a8340c38c1b80fd549087862da4ba43e08858af025b236e509b6649fc13d5"

[[package]]
name = "parking_lot"
version = "0.10.2"
source = "registry+https://github.com/rust-lang/crates.io-index"
checksum = "d3a704eb390aafdc107b0e392f56a82b668e3a71366993b5340f5833fd62505e"
dependencies = [
 "lock_api",
 "parking_lot_core",
]

[[package]]
name = "parking_lot_core"
version = "0.7.2"
source = "registry+https://github.com/rust-lang/crates.io-index"
checksum = "d58c7c768d4ba344e3e8d72518ac13e259d7c7ade24167003b8488e10b6740a3"
dependencies = [
 "cfg-if 0.1.10",
 "cloudabi",
 "libc",
 "redox_syscall",
 "smallvec",
 "winapi",
]

[[package]]
name = "path_abs"
version = "0.5.1"
source = "registry+https://github.com/rust-lang/crates.io-index"
checksum = "05ef02f6342ac01d8a93b65f96db53fe68a92a15f41144f97fb00a9e669633c3"
dependencies = [
 "serde",
 "serde_derive",
 "std_prelude",
 "stfu8",
]

[[package]]
name = "petgraph"
version = "0.5.1"
source = "registry+https://github.com/rust-lang/crates.io-index"
checksum = "467d164a6de56270bd7c4d070df81d07beace25012d5103ced4e9ff08d6afdb7"
dependencies = [
 "fixedbitset",
 "indexmap",
]

[[package]]
name = "plain"
version = "0.2.3"
source = "registry+https://github.com/rust-lang/crates.io-index"
checksum = "b4596b6d070b27117e987119b4dac604f3c58cfb0b191112e24771b2faeac1a6"

[[package]]
name = "proc-macro2"
version = "1.0.40"
source = "registry+https://github.com/rust-lang/crates.io-index"
checksum = "dd96a1e8ed2596c337f8eae5f24924ec83f5ad5ab21ea8e455d3566c69fbcaf7"
dependencies = [
 "unicode-ident",
]

[[package]]
name = "quote"
version = "1.0.20"
source = "registry+https://github.com/rust-lang/crates.io-index"
checksum = "3bcdf212e9776fbcb2d23ab029360416bb1706b1aea2d1a5ba002727cbcab804"
dependencies = [
 "proc-macro2",
]

[[package]]
name = "rand"
version = "0.3.23"
source = "registry+https://github.com/rust-lang/crates.io-index"
checksum = "64ac302d8f83c0c1974bf758f6b041c6c8ada916fbb44a609158ca8b064cc76c"
dependencies = [
 "libc",
 "rand 0.4.6",
]

[[package]]
name = "rand"
version = "0.4.6"
source = "registry+https://github.com/rust-lang/crates.io-index"
checksum = "552840b97013b1a26992c11eac34bdd778e464601a4c2054b5f0bff7c6761293"
dependencies = [
 "fuchsia-cprng",
 "libc",
 "rand_core 0.3.1",
 "rdrand",
 "winapi",
]

[[package]]
name = "rand_core"
version = "0.3.1"
source = "registry+https://github.com/rust-lang/crates.io-index"
checksum = "7a6fdeb83b075e8266dcc8762c22776f6877a63111121f5f8c7411e5be7eed4b"
dependencies = [
 "rand_core 0.4.2",
]

[[package]]
name = "rand_core"
version = "0.4.2"
source = "registry+https://github.com/rust-lang/crates.io-index"
checksum = "9c33a3c44ca05fa6f1807d8e6743f3824e8509beca625669633be0acbdf509dc"

[[package]]
name = "rdrand"
version = "0.4.0"
source = "registry+https://github.com/rust-lang/crates.io-index"
checksum = "678054eb77286b51581ba43620cc911abf02758c91f93f479767aed0f90458b2"
dependencies = [
 "rand_core 0.3.1",
]

[[package]]
name = "redox_syscall"
version = "0.1.57"
source = "registry+https://github.com/rust-lang/crates.io-index"
checksum = "41cc0f7e4d5d4544e8861606a285bb08d3e70712ccc7d2b84d7c0ccfaf4b05ce"

[[package]]
name = "regex"
version = "1.5.6"
source = "registry+https://github.com/rust-lang/crates.io-index"
checksum = "d83f127d94bdbcda4c8cc2e50f6f84f4b611f69c902699ca385a39c3a75f9ff1"
dependencies = [
 "aho-corasick",
 "memchr 2.5.0",
 "regex-syntax",
]

[[package]]
name = "regex-syntax"
version = "0.6.26"
source = "registry+https://github.com/rust-lang/crates.io-index"
checksum = "49b3de9ec5dc0a3417da371aab17d729997c15010e7fd24ff707773a33bddb64"

[[package]]
name = "rust-crypto"
version = "0.2.36"
source = "registry+https://github.com/rust-lang/crates.io-index"
checksum = "f76d05d3993fd5f4af9434e8e436db163a12a9d40e1a58a726f27a01dfd12a2a"
dependencies = [
 "gcc",
 "libc",
 "rand 0.3.23",
 "rustc-serialize",
 "time 0.1.44",
]

[[package]]
name = "rustc-serialize"
version = "0.3.24"
source = "registry+https://github.com/rust-lang/crates.io-index"
checksum = "dcf128d1287d2ea9d80910b5f1120d0b8eede3fbf1abe91c40d39ea7d51e6fda"

[[package]]
name = "rustc_version"
version = "0.4.0"
source = "registry+https://github.com/rust-lang/crates.io-index"
checksum = "bfa0f585226d2e68097d4f95d113b15b83a82e819ab25717ec0590d9584ef366"
dependencies = [
 "semver",
]

[[package]]
name = "rustversion"
version = "1.0.7"
source = "registry+https://github.com/rust-lang/crates.io-index"
checksum = "a0a5f7c728f5d284929a1cccb5bc19884422bfe6ef4d6c409da2c41838983fcf"

[[package]]
name = "ryu"
version = "1.0.10"
source = "registry+https://github.com/rust-lang/crates.io-index"
checksum = "f3f6f92acf49d1b98f7a81226834412ada05458b7364277387724a237f062695"

[[package]]
name = "scopeguard"
version = "1.1.0"
source = "registry+https://github.com/rust-lang/crates.io-index"
checksum = "d29ab0c6d3fc0ee92fe66e2d99f700eab17a8d57d1c1d3b748380fb20baa78cd"

[[package]]
name = "scroll"
version = "0.11.0"
source = "registry+https://github.com/rust-lang/crates.io-index"
checksum = "04c565b551bafbef4157586fa379538366e4385d42082f255bfd96e4fe8519da"
dependencies = [
 "scroll_derive",
]

[[package]]
name = "scroll_derive"
version = "0.11.0"
source = "registry+https://github.com/rust-lang/crates.io-index"
checksum = "bdbda6ac5cd1321e724fa9cee216f3a61885889b896f073b8f82322789c5250e"
dependencies = [
 "proc-macro2",
 "quote",
 "syn",
]

[[package]]
name = "semver"
version = "1.0.12"
source = "registry+https://github.com/rust-lang/crates.io-index"
checksum = "a2333e6df6d6598f2b1974829f853c2b4c5f4a6e503c10af918081aa6f8564e1"

[[package]]
name = "serde"
version = "1.0.137"
source = "registry+https://github.com/rust-lang/crates.io-index"
checksum = "61ea8d54c77f8315140a05f4c7237403bf38b72704d031543aa1d16abbf517d1"
dependencies = [
 "serde_derive",
]

[[package]]
name = "serde_derive"
version = "1.0.137"
source = "registry+https://github.com/rust-lang/crates.io-index"
checksum = "1f26faba0c3959972377d3b2d306ee9f71faee9714294e41bb777f83f88578be"
dependencies = [
 "proc-macro2",
 "quote",
 "syn",
]

[[package]]
name = "serde_json"
version = "1.0.81"
source = "registry+https://github.com/rust-lang/crates.io-index"
checksum = "9b7ce2b32a1aed03c558dc61a5cd328f15aff2dbc17daad8fb8af04d2100e15c"
dependencies = [
 "itoa",
 "ryu",
 "serde",
]

[[package]]
name = "sha2"
version = "0.9.9"
source = "registry+https://github.com/rust-lang/crates.io-index"
checksum = "4d58a1e1bf39749807d89cf2d98ac2dfa0ff1cb3faa38fbb64dd88ac8013d800"
dependencies = [
 "block-buffer",
 "cfg-if 1.0.0",
 "cpufeatures",
 "digest",
 "opaque-debug",
]

[[package]]
name = "sha256"
version = "1.0.3"
source = "registry+https://github.com/rust-lang/crates.io-index"
checksum = "4e84a7f596c081d359de5e06a83877138bc3c4483591e1af1916e1472e6e146e"
dependencies = [
 "hex",
 "sha2",
]

[[package]]
name = "smallvec"
version = "1.8.1"
source = "registry+https://github.com/rust-lang/crates.io-index"
checksum = "cc88c725d61fc6c3132893370cac4a0200e3fedf5da8331c570664b1987f5ca2"

[[package]]
name = "std_prelude"
version = "0.2.12"
source = "registry+https://github.com/rust-lang/crates.io-index"
checksum = "8207e78455ffdf55661170876f88daf85356e4edd54e0a3dbc79586ca1e50cbe"

[[package]]
name = "stfu8"
version = "0.2.5"
source = "registry+https://github.com/rust-lang/crates.io-index"
checksum = "019f0c664fd85d5a87dcfb62b40b691055392a35a6e59f4df83d4b770db7e876"
dependencies = [
 "lazy_static",
 "regex",
]

[[package]]
name = "strum_macros"
version = "0.24.2"
source = "registry+https://github.com/rust-lang/crates.io-index"
checksum = "4faebde00e8ff94316c01800f9054fd2ba77d30d9e922541913051d1d978918b"
dependencies = [
 "heck",
 "proc-macro2",
 "quote",
 "rustversion",
 "syn",
]

[[package]]
name = "syn"
version = "1.0.98"
source = "registry+https://github.com/rust-lang/crates.io-index"
checksum = "c50aef8a904de4c23c788f104b7dddc7d6f79c647c7c8ce4cc8f73eb0ca773dd"
dependencies = [
 "proc-macro2",
 "quote",
 "unicode-ident",
]

[[package]]
name = "time"
version = "0.1.44"
source = "registry+https://github.com/rust-lang/crates.io-index"
checksum = "6db9e6914ab8b1ae1c260a4ae7a49b6c5611b40328a735b21862567685e73255"
dependencies = [
 "libc",
 "wasi",
 "winapi",
]

[[package]]
name = "time"
version = "0.3.11"
source = "registry+https://github.com/rust-lang/crates.io-index"
checksum = "72c91f41dcb2f096c05f0873d667dceec1087ce5bcf984ec8ffb19acddbb3217"
dependencies = [
 "libc",
 "num_threads",
 "time-macros",
]

[[package]]
name = "time-macros"
version = "0.2.4"
source = "registry+https://github.com/rust-lang/crates.io-index"
checksum = "42657b1a6f4d817cda8e7a0ace261fe0cc946cf3a80314390b22cc61ae080792"

[[package]]
name = "tree_magic"
version = "0.2.3"
source = "registry+https://github.com/rust-lang/crates.io-index"
checksum = "b1d99367ce3e553a84738f73bd626ccca541ef90ae757fdcdc4cbe728e6cb629"
dependencies = [
 "fnv",
 "lazy_static",
 "nom",
 "parking_lot",
 "petgraph",
]

[[package]]
name = "typenum"
version = "1.15.0"
source = "registry+https://github.com/rust-lang/crates.io-index"
checksum = "dcf81ac59edc17cc8697ff311e8f5ef2d99fcbd9817b34cec66f90b6c3dfd987"

[[package]]
name = "unicode-ident"
version = "1.0.1"
source = "registry+https://github.com/rust-lang/crates.io-index"
checksum = "5bd2fe26506023ed7b5e1e315add59d6f584c621d037f9368fea9cfb988f368c"

[[package]]
name = "version_check"
version = "0.9.4"
source = "registry+https://github.com/rust-lang/crates.io-index"
checksum = "49874b5167b65d7193b8aba1567f5c7d93d001cafc34600cee003eda787e483f"

[[package]]
name = "wasi"
version = "0.10.0+wasi-snapshot-preview1"
source = "registry+https://github.com/rust-lang/crates.io-index"
checksum = "1a143597ca7c7793eff794def352d41792a93c481eb1042423ff7ff72ba2c31f"

[[package]]
name = "wasm-bindgen"
version = "0.2.81"
source = "registry+https://github.com/rust-lang/crates.io-index"
checksum = "7c53b543413a17a202f4be280a7e5c62a1c69345f5de525ee64f8cfdbc954994"
dependencies = [
 "cfg-if 1.0.0",
 "wasm-bindgen-macro",
]

[[package]]
name = "wasm-bindgen-backend"
version = "0.2.81"
source = "registry+https://github.com/rust-lang/crates.io-index"
checksum = "5491a68ab4500fa6b4d726bd67408630c3dbe9c4fe7bda16d5c82a1fd8c7340a"
dependencies = [
 "bumpalo",
 "lazy_static",
 "log",
 "proc-macro2",
 "quote",
 "syn",
 "wasm-bindgen-shared",
]

[[package]]
name = "wasm-bindgen-macro"
version = "0.2.81"
source = "registry+https://github.com/rust-lang/crates.io-index"
checksum = "c441e177922bc58f1e12c022624b6216378e5febc2f0533e41ba443d505b80aa"
dependencies = [
 "quote",
 "wasm-bindgen-macro-support",
]

[[package]]
name = "wasm-bindgen-macro-support"
version = "0.2.81"
source = "registry+https://github.com/rust-lang/crates.io-index"
checksum = "7d94ac45fcf608c1f45ef53e748d35660f168490c10b23704c7779ab8f5c3048"
dependencies = [
 "proc-macro2",
 "quote",
 "syn",
 "wasm-bindgen-backend",
 "wasm-bindgen-shared",
]

[[package]]
name = "wasm-bindgen-shared"
version = "0.2.81"
source = "registry+https://github.com/rust-lang/crates.io-index"
checksum = "6a89911bd99e5f3659ec4acf9c4d93b0a90fe4a2a11f15328472058edc5261be"

[[package]]
name = "web-sys"
version = "0.3.58"
source = "registry+https://github.com/rust-lang/crates.io-index"
checksum = "2fed94beee57daf8dd7d51f2b15dc2bcde92d7a72304cdf662a4371008b71b90"
dependencies = [
 "js-sys",
 "wasm-bindgen",
]

[[package]]
name = "whoami"
version = "1.2.1"
source = "registry+https://github.com/rust-lang/crates.io-index"
checksum = "524b58fa5a20a2fb3014dd6358b70e6579692a56ef6fce928834e488f42f65e8"
dependencies = [
 "wasm-bindgen",
 "web-sys",
]

[[package]]
name = "winapi"
version = "0.3.9"
source = "registry+https://github.com/rust-lang/crates.io-index"
checksum = "5c839a674fcd7a98952e593242ea400abe93992746761e38641405d28b00f419"
dependencies = [
 "winapi-i686-pc-windows-gnu",
 "winapi-x86_64-pc-windows-gnu",
]

[[package]]
name = "winapi-i686-pc-windows-gnu"
version = "0.4.0"
source = "registry+https://github.com/rust-lang/crates.io-index"
checksum = "ac3b87c63620426dd9b991e5ce0329eff545bccbbb34f3be09ff6fb6ab51b7b6"

[[package]]
name = "winapi-x86_64-pc-windows-gnu"
version = "0.4.0"
source = "registry+https://github.com/rust-lang/crates.io-index"
checksum = "712e227841d057c1ee1cd2fb22fa7e5a5461ae8e48fa2ca79ec42cfc1931183f"
